
Microsoft Visual Studio Solution File, Format Version 12.00
# Visual Studio Version 17
VisualStudioVersion = 17.13.35828.75 d17.13
MinimumVisualStudioVersion = 10.0.40219.1
Project("{FAE04EC0-301F-11D3-BF4B-00C04F79EFBC}") = "NewProyectFinal1.0", "NewProyectFinal1.0\NewProyectFinal1.0.csproj", "{A5FF781A-F0CE-4540-8085-2AFE6C32B023}"
EndProject
Global
	GlobalSection(SolutionConfigurationPlatforms) = preSolution
		Debug|Any CPU = Debug|Any CPU
		Release|Any CPU = Release|Any CPU
	EndGlobalSection
	GlobalSection(ProjectConfigurationPlatforms) = postSolution
		{A5FF781A-F0CE-4540-8085-2AFE6C32B023}.Debug|Any CPU.ActiveCfg = Debug|Any CPU
		{A5FF781A-F0CE-4540-8085-2AFE6C32B023}.Debug|Any CPU.Build.0 = Debug|Any CPU
		{A5FF781A-F0CE-4540-8085-2AFE6C32B023}.Release|Any CPU.ActiveCfg = Release|Any CPU
		{A5FF781A-F0CE-4540-8085-2AFE6C32B023}.Release|Any CPU.Build.0 = Release|Any CPU
	EndGlobalSection
	GlobalSection(SolutionProperties) = preSolution
		HideSolutionNode = FALSE
	EndGlobalSection
	GlobalSection(ExtensibilityGlobals) = postSolution
		SolutionGuid = {D8E21D0C-B498-4A03-88DD-4D2E5F5901E6}
	EndGlobalSection
EndGlobal
